
Microsoft Visual Studio Solution File, Format Version 12.00
# Visual Studio Version 17
VisualStudioVersion = 17.12.35527.113
MinimumVisualStudioVersion = 10.0.40219.1
Project("{FAE04EC0-301F-11D3-BF4B-00C04F79EFBC}") = "Minecraft", "Minecraft.csproj", "{60FA4EC1-A5DF-4D81-9D96-C0FC664D1787}"
EndProject
Project("{2150E333-8FDC-42A3-9474-1A3956D46DE8}") = "SaveFiles", "SaveFiles", "{7C646A7A-519A-44CA-B923-5DD4CC7A6FB1}"
EndProject
Global
	GlobalSection(SolutionConfigurationPlatforms) = preSolution
		Debug|Any CPU = Debug|Any CPU
		Release|Any CPU = Release|Any CPU
	EndGlobalSection
	GlobalSection(ProjectConfigurationPlatforms) = postSolution
		{60FA4EC1-A5DF-4D81-9D96-C0FC664D1787}.Debug|Any CPU.ActiveCfg = Debug|Any CPU
		{60FA4EC1-A5DF-4D81-9D96-C0FC664D1787}.Debug|Any CPU.Build.0 = Debug|Any CPU
		{60FA4EC1-A5DF-4D81-9D96-C0FC664D1787}.Release|Any CPU.ActiveCfg = Release|Any CPU
		{60FA4EC1-A5DF-4D81-9D96-C0FC664D1787}.Release|Any CPU.Build.0 = Release|Any CPU
	EndGlobalSection
	GlobalSection(SolutionProperties) = preSolution
		HideSolutionNode = FALSE
	EndGlobalSection
EndGlobal
